<?xml version="1.0" encoding="utf-8"?>
<Project ToolsVersion="4.0" xmlns="http://schemas.microsoft.com/developer/msbuild/2003">
  <ItemGroup>
    <Filter Include="Исходные файлы">
      <UniqueIdentifier>{4FC737F1-C7A5-4376-A066-2A32D752A2FF}</UniqueIdentifier>
      <Extensions>cpp;c;cc;cxx;c++;cppm;ixx;def;odl;idl;hpj;bat;asm;asmx</Extensions>
    </Filter>
    <Filter Include="Файлы заголовков">
      <UniqueIdentifier>{93995380-89BD-4b04-88EB-625FBE52EBFB}</UniqueIdentifier>
      <Extensions>h;hh;hpp;hxx;h++;hm;inl;inc;ipp;xsd</Extensions>
    </Filter>
    <Filter Include="Файлы ресурсов">
      <UniqueIdentifier>{67DA6AB6-F800-4c08-8B7A-83BB121AAD01}</UniqueIdentifier>
      <Extensions>rc;ico;cur;bmp;dlg;rc2;rct;bin;rgs;gif;jpg;jpeg;jpe;resx;tiff;tif;png;wav;mfcribbon-ms</Extensions>
    </Filter>
    <Filter Include="Platform">
      <UniqueIdentifier>{a85132b1-47cd-4144-b558-cc9a8d9aab35}</UniqueIdentifier>
    </Filter>
    <Filter Include="Platform\Win32">
      <UniqueIdentifier>{ffb36eeb-1525-4f45-8d98-ffda9bdd9b34}</UniqueIdentifier>
    </Filter>
    <Filter Include="Core">
      <UniqueIdentifier>{d8cc2613-c130-45bf-ac0a-3956ec0e1d24}</UniqueIdentifier>
    </Filter>
    <Filter Include="Rendering">
      <UniqueIdentifier>{5b178db5-d8d0-4aed-846b-7f8299fa62fc}</UniqueIdentifier>
    </Filter>
    <Filter Include="Logging">
      <UniqueIdentifier>{782137f5-c58a-474a-9b0f-1da0dc4b74ed}</UniqueIdentifier>
    </Filter>
    <Filter Include="Core\Allocators">
      <UniqueIdentifier>{6c76991b-9098-4be2-ad34-afde609010e7}</UniqueIdentifier>
    </Filter>
    <Filter Include="Core\Scene">
      <UniqueIdentifier>{00b68438-2c0c-4987-910e-cf36b55c6c76}</UniqueIdentifier>
    </Filter>
    <Filter Include="Core\DataStructures">
      <UniqueIdentifier>{b24293cf-14ce-4c91-b00f-b05ef05b0435}</UniqueIdentifier>
    </Filter>
    <Filter Include="Shaders">
      <UniqueIdentifier>{cdd2a9be-cf43-4274-ad24-069df544e357}</UniqueIdentifier>
    </Filter>
    <Filter Include="Shaders\Vulkan">
      <UniqueIdentifier>{a0b040b3-392e-41ac-967d-30e5b66bc3ff}</UniqueIdentifier>
    </Filter>
    <Filter Include="Shaders\Vulkan\GBuffer">
      <UniqueIdentifier>{05875a98-8a54-4bec-aaae-6d781e036a6e}</UniqueIdentifier>
    </Filter>
    <Filter Include="3rdParty">
      <UniqueIdentifier>{4527da74-7ce3-4e16-810b-48ed8f0f9fe5}</UniqueIdentifier>
    </Filter>
    <Filter Include="3rdParty\SPIRV-Reflect">
      <UniqueIdentifier>{d9145630-b59c-4388-9172-6950fae6373a}</UniqueIdentifier>
    </Filter>
    <Filter Include="3rdParty\SPIRV-Reflect\include">
      <UniqueIdentifier>{56c7e61d-9668-420f-8b47-f24cc22175ea}</UniqueIdentifier>
    </Filter>
    <Filter Include="3rdParty\SPIRV-Reflect\include\spirv">
      <UniqueIdentifier>{b3b03f9c-ee24-4efa-a6a8-9aa1a3ec1a22}</UniqueIdentifier>
    </Filter>
    <Filter Include="3rdParty\SPIRV-Reflect\include\spirv\unified1">
      <UniqueIdentifier>{dcf891f2-8d68-4e69-9625-37e2ad6a1035}</UniqueIdentifier>
    </Filter>
    <Filter Include="3rdParty\DDSTextureLoaderVk">
      <UniqueIdentifier>{5f59595e-8e1f-45b4-bac0-d71fc1609ac9}</UniqueIdentifier>
    </Filter>
    <Filter Include="Input">
      <UniqueIdentifier>{4af8c876-b523-4a5d-b063-c5cb7158234a}</UniqueIdentifier>
    </Filter>
    <Filter Include="Rendering\D3D12">
      <UniqueIdentifier>{47b1c20b-c0e2-47ba-a555-de66759bd0e2}</UniqueIdentifier>
    </Filter>
    <Filter Include="Rendering\D3D12\Scene">
      <UniqueIdentifier>{a0adac80-abf3-4169-8192-9532c70e2f10}</UniqueIdentifier>
    </Filter>
    <Filter Include="Shaders\D3D12">
      <UniqueIdentifier>{af709c5f-a2b3-43c7-9901-8f5a3712208b}</UniqueIdentifier>
    </Filter>
    <Filter Include="Shaders\D3D12\GBuffer">
      <UniqueIdentifier>{811dc09f-98bc-4327-a069-bf7d58375797}</UniqueIdentifier>
    </Filter>
    <Filter Include="3rdParty\DDSTextureLoader12">
      <UniqueIdentifier>{d7c5ab3f-98db-4925-83c0-0d4113f978fd}</UniqueIdentifier>
    </Filter>
    <Filter Include="Rendering\D3D12\FrameGraph">
      <UniqueIdentifier>{88f74e64-a01c-4d40-9547-71d612bd30ca}</UniqueIdentifier>
    </Filter>
    <Filter Include="Rendering\D3D12\FrameGraph\Passes">
      <UniqueIdentifier>{a8812f67-3801-4386-916e-8c44261db329}</UniqueIdentifier>
    </Filter>
    <Filter Include="Rendering\Vulkan">
      <UniqueIdentifier>{786fb3a7-f1c4-45bb-bf4f-d2190c7b6871}</UniqueIdentifier>
    </Filter>
    <Filter Include="Rendering\Vulkan\Scene">
      <UniqueIdentifier>{935a24b9-57a7-41e1-8c07-f908695465e5}</UniqueIdentifier>
    </Filter>
    <Filter Include="Rendering\Vulkan\FrameGraph">
      <UniqueIdentifier>{3a48052a-d1d4-4a48-9319-5deb53a17547}</UniqueIdentifier>
    </Filter>
    <Filter Include="Rendering\Vulkan\FrameGraph\Passes">
      <UniqueIdentifier>{dcc72873-6abb-4b2a-9e13-8324d5720238}</UniqueIdentifier>
    </Filter>
    <Filter Include="Rendering\Common">
      <UniqueIdentifier>{4fd0c3b6-fcdd-47a7-a409-f5ea386a6e75}</UniqueIdentifier>
    </Filter>
    <Filter Include="Rendering\Common\FrameGraph">
      <UniqueIdentifier>{f3888659-f0a3-42f7-a7f5-d26371f2a0f3}</UniqueIdentifier>
    </Filter>
    <Filter Include="Rendering\Common\Scene">
      <UniqueIdentifier>{7c0f8120-5022-4610-8845-7801a1d2affc}</UniqueIdentifier>
    </Filter>
    <Filter Include="Rendering\Common\FrameGraph\Passes">
      <UniqueIdentifier>{a634bc32-c40b-449f-bc51-2ba19ac989c2}</UniqueIdentifier>
    </Filter>
    <Filter Include="Core\Scene\SceneDescription">
      <UniqueIdentifier>{24412f04-87fe-406b-87ad-2445e12a3836}</UniqueIdentifier>
    </Filter>
    <Filter Include="Core\Math">
      <UniqueIdentifier>{be52efd4-3cc6-44e1-a4d6-2a2b25f04ab9}</UniqueIdentifier>
    </Filter>
    <Filter Include="Core\Scene\SceneDescription\SpecialObjects">
      <UniqueIdentifier>{68f506e9-f58d-43b3-9b50-cecc714059ff}</UniqueIdentifier>
    </Filter>
  </ItemGroup>
  <ItemGroup>
    <ClInclude Include="Platform\Win32\Win32Application.hpp">
      <Filter>Platform\Win32</Filter>
    </ClInclude>
    <ClInclude Include="Core\Application.hpp">
      <Filter>Core</Filter>
    </ClInclude>
    <ClInclude Include="Platform\Win32\Win32Window.hpp">
      <Filter>Platform\Win32</Filter>
    </ClInclude>
    <ClInclude Include="Core\Window.hpp">
      <Filter>Core</Filter>
    </ClInclude>
    <ClInclude Include="Core\Engine.hpp">
      <Filter>Core</Filter>
    </ClInclude>
    <ClInclude Include="Logging\Logger.hpp">
      <Filter>Logging</Filter>
    </ClInclude>
    <ClInclude Include="Logging\LoggerQueue.hpp">
      <Filter>Logging</Filter>
    </ClInclude>
    <ClInclude Include="Logging\VisualStudioDebugLogger.hpp">
      <Filter>Logging</Filter>
    </ClInclude>
    <ClInclude Include="Core\Util.hpp">
      <Filter>Core</Filter>
    </ClInclude>
    <ClInclude Include="Core\Allocators\StackAllocator.hpp">
      <Filter>Core\Allocators</Filter>
    </ClInclude>
    <ClInclude Include="Core\ThreadPool.hpp">
      <Filter>Core</Filter>
    </ClInclude>
    <ClInclude Include="Core\Timer.hpp">
      <Filter>Core</Filter>
    </ClInclude>
    <ClInclude Include="Core\Scene\Scene.hpp">
      <Filter>Core\Scene</Filter>
    </ClInclude>
    <ClInclude Include="Core\DataStructures\SmallVector.hpp">
      <Filter>Core\DataStructures</Filter>
    </ClInclude>
    <ClInclude Include="Core\FrameCounter.hpp">
      <Filter>Core</Filter>
    </ClInclude>
    <ClInclude Include="Core\FPSCounter.hpp">
      <Filter>Core</Filter>
    </ClInclude>
    <ClInclude Include="Input\KeyboardKeyCodes.hpp">
      <Filter>Input</Filter>
    </ClInclude>
    <ClInclude Include="Input\ControlCodes.hpp">
      <Filter>Input</Filter>
    </ClInclude>
    <ClInclude Include="Input\KeyboardControl.hpp">
      <Filter>Input</Filter>
    </ClInclude>
    <ClInclude Include="Platform\Win32\Win32KeyboardKeyMap.hpp">
      <Filter>Platform\Win32</Filter>
    </ClInclude>
    <ClInclude Include="Input\KeyboardKeyMap.hpp">
      <Filter>Input</Filter>
    </ClInclude>
    <ClInclude Include="Input\Inputter.hpp">
      <Filter>Input</Filter>
    </ClInclude>
    <ClInclude Include="Input\MouseControl.hpp">
      <Filter>Input</Filter>
    </ClInclude>
    <ClInclude Include="Input\MouseKeyMap.hpp">
      <Filter>Input</Filter>
    </ClInclude>
    <ClInclude Include="Platform\Win32\Win32MouseKeyMap.hpp">
      <Filter>Platform\Win32</Filter>
    </ClInclude>
    <ClInclude Include="Input\ControlState.hpp">
      <Filter>Input</Filter>
    </ClInclude>
    <ClInclude Include="Rendering\D3D12\D3D12Renderer.hpp">
      <Filter>Rendering\D3D12</Filter>
    </ClInclude>
    <ClInclude Include="Rendering\D3D12\D3D12Utils.hpp">
      <Filter>Rendering\D3D12</Filter>
    </ClInclude>
    <ClInclude Include="Rendering\D3D12\Scene\D3D12SceneBuilder.hpp">
      <Filter>Rendering\D3D12\Scene</Filter>
    </ClInclude>
    <ClInclude Include="Rendering\D3D12\Scene\D3D12Scene.hpp">
      <Filter>Rendering\D3D12\Scene</Filter>
    </ClInclude>
    <ClInclude Include="Rendering\D3D12\D3D12SwapChain.hpp">
      <Filter>Rendering\D3D12</Filter>
    </ClInclude>
    <ClInclude Include="Rendering\D3D12\D3D12DeviceQueues.hpp">
      <Filter>Rendering\D3D12</Filter>
    </ClInclude>
    <ClInclude Include="Rendering\D3D12\D3D12DeviceFeatures.hpp">
      <Filter>Rendering\D3D12</Filter>
    </ClInclude>
    <ClInclude Include="Rendering\D3D12\D3D12Memory.hpp">
      <Filter>Rendering\D3D12</Filter>
    </ClInclude>
    <ClInclude Include="Rendering\D3D12\D3D12Shaders.hpp">
      <Filter>Rendering\D3D12</Filter>
    </ClInclude>
    <ClInclude Include="..\3rdParty\DDSTextureLoaderVk\DDSTextureLoaderVk.h">
      <Filter>3rdParty\DDSTextureLoaderVk</Filter>
    </ClInclude>
    <ClInclude Include="..\3rdParty\DirectXTex\DDSTextureLoader\DDSTextureLoader12.h">
      <Filter>3rdParty\DDSTextureLoader12</Filter>
    </ClInclude>
    <ClInclude Include="..\3rdParty\SPIRV-Reflect\spirv_reflect.h">
      <Filter>3rdParty\SPIRV-Reflect</Filter>
    </ClInclude>
    <ClInclude Include="..\3rdParty\SPIRV-Reflect\include\spirv\unified1\spirv.h">
      <Filter>3rdParty\SPIRV-Reflect\include\spirv\unified1</Filter>
    </ClInclude>
    <ClInclude Include="Rendering\D3D12\D3D12SrvDescriptorManager.hpp">
      <Filter>Rendering\D3D12</Filter>
    </ClInclude>
    <ClInclude Include="Rendering\D3D12\FrameGraph\D3D12FrameGraph.hpp">
      <Filter>Rendering\D3D12\FrameGraph</Filter>
    </ClInclude>
    <ClInclude Include="Rendering\D3D12\FrameGraph\D3D12RenderPass.hpp">
      <Filter>Rendering\D3D12\FrameGraph</Filter>
    </ClInclude>
    <ClInclude Include="Rendering\D3D12\FrameGraph\D3D12FrameGraphBuilder.hpp">
      <Filter>Rendering\D3D12\FrameGraph</Filter>
    </ClInclude>
    <ClInclude Include="Rendering\D3D12\FrameGraph\Passes\D3D12CopyImagePass.hpp">
      <Filter>Rendering\D3D12\FrameGraph\Passes</Filter>
    </ClInclude>
    <ClInclude Include="Rendering\D3D12\FrameGraph\Passes\D3D12GBufferPass.hpp">
      <Filter>Rendering\D3D12\FrameGraph\Passes</Filter>
    </ClInclude>
    <ClInclude Include="Rendering\Vulkan\FrameGraph\Passes\VulkanGBufferPass.hpp">
      <Filter>Rendering\Vulkan\FrameGraph\Passes</Filter>
    </ClInclude>
    <ClInclude Include="Rendering\Vulkan\FrameGraph\Passes\VulkanCopyImagePass.hpp">
      <Filter>Rendering\Vulkan\FrameGraph\Passes</Filter>
    </ClInclude>
    <ClInclude Include="Rendering\Vulkan\FrameGraph\VulkanFrameGraphBuilder.hpp">
      <Filter>Rendering\Vulkan\FrameGraph</Filter>
    </ClInclude>
    <ClInclude Include="Rendering\Vulkan\FrameGraph\VulkanRenderPass.hpp">
      <Filter>Rendering\Vulkan\FrameGraph</Filter>
    </ClInclude>
    <ClInclude Include="Rendering\Vulkan\FrameGraph\VulkanFrameGraph.hpp">
      <Filter>Rendering\Vulkan\FrameGraph</Filter>
    </ClInclude>
    <ClInclude Include="Rendering\Vulkan\Scene\VulkanSceneBuilder.hpp">
      <Filter>Rendering\Vulkan\Scene</Filter>
    </ClInclude>
    <ClInclude Include="Rendering\Vulkan\Scene\VulkanScene.hpp">
      <Filter>Rendering\Vulkan\Scene</Filter>
    </ClInclude>
    <ClInclude Include="Rendering\Vulkan\VulkanShaders.hpp">
      <Filter>Rendering\Vulkan</Filter>
    </ClInclude>
    <ClInclude Include="Rendering\Vulkan\VulkanSwapChain.hpp">
      <Filter>Rendering\Vulkan</Filter>
    </ClInclude>
    <ClInclude Include="Rendering\Vulkan\VulkanUtils.hpp">
      <Filter>Rendering\Vulkan</Filter>
    </ClInclude>
    <ClInclude Include="Rendering\Vulkan\VulkanWorkerCommandBuffers.hpp">
      <Filter>Rendering\Vulkan</Filter>
    </ClInclude>
    <ClInclude Include="Rendering\Vulkan\VulkanDeviceParameters.hpp">
      <Filter>Rendering\Vulkan</Filter>
    </ClInclude>
    <ClInclude Include="Rendering\Vulkan\VulkanDeviceQueues.hpp">
      <Filter>Rendering\Vulkan</Filter>
    </ClInclude>
    <ClInclude Include="Rendering\Vulkan\VulkanFunctions.hpp">
      <Filter>Rendering\Vulkan</Filter>
    </ClInclude>
    <ClInclude Include="Rendering\Vulkan\VulkanFunctionsLibrary.hpp">
      <Filter>Rendering\Vulkan</Filter>
    </ClInclude>
    <ClInclude Include="Rendering\Vulkan\VulkanInstanceParameters.hpp">
      <Filter>Rendering\Vulkan</Filter>
    </ClInclude>
    <ClInclude Include="Rendering\Vulkan\VulkanMemory.hpp">
      <Filter>Rendering\Vulkan</Filter>
    </ClInclude>
    <ClInclude Include="Rendering\Vulkan\VulkanRenderer.hpp">
      <Filter>Rendering\Vulkan</Filter>
    </ClInclude>
    <ClInclude Include="Rendering\Common\Renderer.hpp">
      <Filter>Rendering\Common</Filter>
    </ClInclude>
    <ClInclude Include="Rendering\Common\FrameGraph\FrameGraphConfig.hpp">
      <Filter>Rendering\Common\FrameGraph</Filter>
    </ClInclude>
    <ClInclude Include="Rendering\Common\Scene\RenderableSceneMisc.hpp">
      <Filter>Rendering\Common\Scene</Filter>
    </ClInclude>
    <ClInclude Include="Rendering\Common\Scene\ModernRenderableScene.hpp">
      <Filter>Rendering\Common\Scene</Filter>
    </ClInclude>
    <ClInclude Include="Rendering\Common\RenderingUtils.hpp">
      <Filter>Rendering\Common</Filter>
    </ClInclude>
    <ClInclude Include="Rendering\Common\Scene\ModernRenderableSceneBuilder.hpp">
      <Filter>Rendering\Common\Scene</Filter>
    </ClInclude>
    <ClInclude Include="Rendering\Common\FrameGraph\ModernFrameGraphBuilder.hpp">
      <Filter>Rendering\Common\FrameGraph</Filter>
    </ClInclude>
    <ClInclude Include="Rendering\Common\FrameGraph\ModernFrameGraph.hpp">
      <Filter>Rendering\Common\FrameGraph</Filter>
    </ClInclude>
    <ClInclude Include="Core\DataStructures\Span.hpp">
      <Filter>Core\DataStructures</Filter>
    </ClInclude>
    <ClInclude Include="Rendering\Common\FrameGraph\ModernFrameGraphMisc.hpp">
      <Filter>Rendering\Common\FrameGraph</Filter>
    </ClInclude>
    <ClInclude Include="Rendering\Common\FrameGraph\Passes\GBufferPass.hpp">
      <Filter>Rendering\Common\FrameGraph\Passes</Filter>
    </ClInclude>
    <ClInclude Include="Rendering\Common\FrameGraph\Passes\CopyImagePass.hpp">
      <Filter>Rendering\Common\FrameGraph\Passes</Filter>
    </ClInclude>
    <ClInclude Include="Rendering\Common\FrameGraph\FrameGraphDescription.hpp">
      <Filter>Rendering\Common\FrameGraph</Filter>
    </ClInclude>
    <ClInclude Include="Rendering\D3D12\D3D12WorkerCommandLists.hpp">
      <Filter>Rendering\D3D12</Filter>
    </ClInclude>
    <ClInclude Include="Core\DataStructures\CompileTimeChrono.hpp">
      <Filter>Core\DataStructures</Filter>
    </ClInclude>
    <ClInclude Include="Core\Scene\SceneDescription\SceneDescriptionObject.hpp">
      <Filter>Core\Scene\SceneDescription</Filter>
    </ClInclude>
    <ClInclude Include="Core\Scene\SceneDescription\SceneDescription.hpp">
      <Filter>Core\Scene\SceneDescription</Filter>
    </ClInclude>
    <ClInclude Include="Core\Scene\SceneObjectLocation.hpp">
      <Filter>Core\Scene</Filter>
    </ClInclude>
    <ClInclude Include="Core\Scene\SceneObject.hpp">
      <Filter>Core\Scene</Filter>
    </ClInclude>
    <ClInclude Include="Core\Math\QuaternionUtils.hpp">
      <Filter>Core\Math</Filter>
    </ClInclude>
    <ClInclude Include="Core\Scene\SceneDescription\SpecialObjects\SceneCamera.hpp">
      <Filter>Core\Scene\SceneDescription\SpecialObjects</Filter>
    </ClInclude>
    <ClInclude Include="Rendering\Common\Scene\RenderableSceneDescription.hpp">
      <Filter>Rendering\Common\Scene</Filter>
    </ClInclude>
    <ClInclude Include="Rendering\Common\Scene\RenderableSceneDescriptionMisc.hpp">
      <Filter>Rendering\Common\Scene</Filter>
    </ClInclude>
    <ClInclude Include="Rendering\Common\Scene\RenderableSceneObjectHandle.hpp">
      <Filter>Rendering\Common\Scene</Filter>
    </ClInclude>
    <ClInclude Include="Rendering\Common\Scene\BaseRenderableSceneBuilder.hpp">
      <Filter>Rendering\Common\Scene</Filter>
    </ClInclude>
    <ClInclude Include="Rendering\Common\Scene\BaseRenderableScene.hpp">
      <Filter>Rendering\Common\Scene</Filter>
    </ClInclude>
    <ClInclude Include="Core\Scene\PinholeCamera.hpp">
      <Filter>Core\Scene</Filter>
    </ClInclude>
    <ClInclude Include="Rendering\D3D12\D3D12DescriptorCreator.hpp">
      <Filter>Rendering\D3D12</Filter>
    </ClInclude>
    <ClInclude Include="Rendering\Vulkan\VulkanSharedDescriptorDatabase.hpp">
      <Filter>Rendering\Vulkan</Filter>
    </ClInclude>
    <ClInclude Include="Rendering\Vulkan\VulkanSamplers.hpp">
      <Filter>Rendering\Vulkan</Filter>
    </ClInclude>
  </ItemGroup>
  <ItemGroup>
    <ClCompile Include="Platform\Win32\Win32Application.cpp">
      <Filter>Platform\Win32</Filter>
    </ClCompile>
    <ClCompile Include="main.cpp">
      <Filter>Исходные файлы</Filter>
    </ClCompile>
    <ClCompile Include="Platform\Win32\Win32Window.cpp">
      <Filter>Platform\Win32</Filter>
    </ClCompile>
    <ClCompile Include="Core\Engine.cpp">
      <Filter>Core</Filter>
    </ClCompile>
    <ClCompile Include="Logging\Logger.cpp">
      <Filter>Logging</Filter>
    </ClCompile>
    <ClCompile Include="Logging\LoggerQueue.cpp">
      <Filter>Logging</Filter>
    </ClCompile>
    <ClCompile Include="Logging\VisualStudioDebugLogger.cpp">
      <Filter>Logging</Filter>
    </ClCompile>
    <ClCompile Include="Core\Util.cpp">
      <Filter>Core</Filter>
    </ClCompile>
    <ClCompile Include="Core\Allocators\StackAllocator.cpp">
      <Filter>Core\Allocators</Filter>
    </ClCompile>
    <ClCompile Include="Core\ThreadPool.cpp">
      <Filter>Core</Filter>
    </ClCompile>
    <ClCompile Include="Core\Timer.cpp">
      <Filter>Core</Filter>
    </ClCompile>
    <ClCompile Include="Core\Scene\Scene.cpp">
      <Filter>Core\Scene</Filter>
    </ClCompile>
    <ClCompile Include="Core\FrameCounter.cpp">
      <Filter>Core</Filter>
    </ClCompile>
    <ClCompile Include="Core\FPSCounter.cpp">
      <Filter>Core</Filter>
    </ClCompile>
    <ClCompile Include="Platform\Win32\Win32KeyboardKeyMap.cpp">
      <Filter>Platform\Win32</Filter>
    </ClCompile>
    <ClCompile Include="Input\Inputter.cpp">
      <Filter>Input</Filter>
    </ClCompile>
    <ClCompile Include="Input\KeyboardControl.cpp">
      <Filter>Input</Filter>
    </ClCompile>
    <ClCompile Include="Platform\Win32\Win32MouseKeyMap.cpp">
      <Filter>Platform\Win32</Filter>
    </ClCompile>
    <ClCompile Include="Input\MouseControl.cpp">
      <Filter>Input</Filter>
    </ClCompile>
    <ClCompile Include="Rendering\D3D12\D3D12Renderer.cpp">
      <Filter>Rendering\D3D12</Filter>
    </ClCompile>
    <ClCompile Include="Rendering\D3D12\D3D12Utils.cpp">
      <Filter>Rendering\D3D12</Filter>
    </ClCompile>
    <ClCompile Include="Rendering\D3D12\Scene\D3D12SceneBuilder.cpp">
      <Filter>Rendering\D3D12\Scene</Filter>
    </ClCompile>
    <ClCompile Include="Rendering\D3D12\Scene\D3D12Scene.cpp">
      <Filter>Rendering\D3D12\Scene</Filter>
    </ClCompile>
    <ClCompile Include="Rendering\D3D12\D3D12SwapChain.cpp">
      <Filter>Rendering\D3D12</Filter>
    </ClCompile>
    <ClCompile Include="Rendering\D3D12\D3D12DeviceQueues.cpp">
      <Filter>Rendering\D3D12</Filter>
    </ClCompile>
    <ClCompile Include="Rendering\D3D12\D3D12DeviceFeatures.cpp">
      <Filter>Rendering\D3D12</Filter>
    </ClCompile>
    <ClCompile Include="Rendering\D3D12\D3D12Memory.cpp">
      <Filter>Rendering\D3D12</Filter>
    </ClCompile>
    <ClCompile Include="Rendering\D3D12\D3D12WorkerCommandLists.cpp">
      <Filter>Rendering\D3D12</Filter>
    </ClCompile>
    <ClCompile Include="Rendering\D3D12\D3D12Shaders.cpp">
      <Filter>Rendering\D3D12</Filter>
    </ClCompile>
    <ClCompile Include="..\3rdParty\DDSTextureLoaderVk\DDSTextureLoaderVk.cpp">
      <Filter>3rdParty\DDSTextureLoaderVk</Filter>
    </ClCompile>
    <ClCompile Include="..\3rdParty\DirectXTex\DDSTextureLoader\DDSTextureLoader12.cpp">
      <Filter>3rdParty\DDSTextureLoader12</Filter>
    </ClCompile>
    <ClCompile Include="..\3rdParty\SPIRV-Reflect\spirv_reflect.c">
      <Filter>3rdParty\SPIRV-Reflect</Filter>
    </ClCompile>
    <ClCompile Include="Rendering\D3D12\D3D12SrvDescriptorManager.cpp">
      <Filter>Rendering\D3D12</Filter>
    </ClCompile>
    <ClCompile Include="Rendering\D3D12\FrameGraph\D3D12FrameGraph.cpp">
      <Filter>Rendering\D3D12\FrameGraph</Filter>
    </ClCompile>
    <ClCompile Include="Rendering\D3D12\FrameGraph\D3D12RenderPass.cpp">
      <Filter>Rendering\D3D12\FrameGraph</Filter>
    </ClCompile>
    <ClCompile Include="Rendering\D3D12\FrameGraph\D3D12FrameGraphBuilder.cpp">
      <Filter>Rendering\D3D12\FrameGraph</Filter>
    </ClCompile>
    <ClCompile Include="Rendering\D3D12\FrameGraph\Passes\D3D12CopyImagePass.cpp">
      <Filter>Rendering\D3D12\FrameGraph\Passes</Filter>
    </ClCompile>
    <ClCompile Include="Rendering\D3D12\FrameGraph\Passes\D3D12GBufferPass.cpp">
      <Filter>Rendering\D3D12\FrameGraph\Passes</Filter>
    </ClCompile>
    <ClCompile Include="Rendering\Vulkan\FrameGraph\Passes\VulkanGBufferPass.cpp">
      <Filter>Rendering\Vulkan\FrameGraph\Passes</Filter>
    </ClCompile>
    <ClCompile Include="Rendering\Vulkan\FrameGraph\Passes\VulkanCopyImagePass.cpp">
      <Filter>Rendering\Vulkan\FrameGraph\Passes</Filter>
    </ClCompile>
    <ClCompile Include="Rendering\Vulkan\FrameGraph\VulkanFrameGraphBuilder.cpp">
      <Filter>Rendering\Vulkan\FrameGraph</Filter>
    </ClCompile>
    <ClCompile Include="Rendering\Vulkan\FrameGraph\VulkanRenderPass.cpp">
      <Filter>Rendering\Vulkan\FrameGraph</Filter>
    </ClCompile>
    <ClCompile Include="Rendering\Vulkan\FrameGraph\VulkanFrameGraph.cpp">
      <Filter>Rendering\Vulkan\FrameGraph</Filter>
    </ClCompile>
    <ClCompile Include="Rendering\Vulkan\Scene\VulkanScene.cpp">
      <Filter>Rendering\Vulkan\Scene</Filter>
    </ClCompile>
    <ClCompile Include="Rendering\Vulkan\Scene\VulkanSceneBuilder.cpp">
      <Filter>Rendering\Vulkan\Scene</Filter>
    </ClCompile>
    <ClCompile Include="Rendering\Vulkan\VulkanSwapChain.cpp">
      <Filter>Rendering\Vulkan</Filter>
    </ClCompile>
    <ClCompile Include="Rendering\Vulkan\VulkanUtils.cpp">
      <Filter>Rendering\Vulkan</Filter>
    </ClCompile>
    <ClCompile Include="Rendering\Vulkan\VulkanWorkerCommandBuffers.cpp">
      <Filter>Rendering\Vulkan</Filter>
    </ClCompile>
    <ClCompile Include="Rendering\Vulkan\VulkanDeviceParameters.cpp">
      <Filter>Rendering\Vulkan</Filter>
    </ClCompile>
    <ClCompile Include="Rendering\Vulkan\VulkanDeviceQueues.cpp">
      <Filter>Rendering\Vulkan</Filter>
    </ClCompile>
    <ClCompile Include="Rendering\Vulkan\VulkanFunctions.cpp">
      <Filter>Rendering\Vulkan</Filter>
    </ClCompile>
    <ClCompile Include="Rendering\Vulkan\VulkanFunctionsLibrary.cpp">
      <Filter>Rendering\Vulkan</Filter>
    </ClCompile>
    <ClCompile Include="Rendering\Vulkan\VulkanInstanceParameters.cpp">
      <Filter>Rendering\Vulkan</Filter>
    </ClCompile>
    <ClCompile Include="Rendering\Vulkan\VulkanMemory.cpp">
      <Filter>Rendering\Vulkan</Filter>
    </ClCompile>
    <ClCompile Include="Rendering\Vulkan\VulkanRenderer.cpp">
      <Filter>Rendering\Vulkan</Filter>
    </ClCompile>
    <ClCompile Include="Rendering\Vulkan\VulkanShaders.cpp">
      <Filter>Rendering\Vulkan</Filter>
    </ClCompile>
    <ClCompile Include="Rendering\Common\Renderer.cpp">
      <Filter>Rendering\Common</Filter>
    </ClCompile>
    <ClCompile Include="Rendering\Common\FrameGraph\FrameGraphConfig.cpp">
      <Filter>Rendering\Common\FrameGraph</Filter>
    </ClCompile>
    <ClCompile Include="Rendering\Common\Scene\ModernRenderableScene.cpp">
      <Filter>Rendering\Common\Scene</Filter>
    </ClCompile>
    <ClCompile Include="Rendering\Common\RenderingUtils.cpp">
      <Filter>Rendering\Common</Filter>
    </ClCompile>
    <ClCompile Include="Rendering\Common\Scene\ModernRenderableSceneBuilder.cpp">
      <Filter>Rendering\Common\Scene</Filter>
    </ClCompile>
    <ClCompile Include="Rendering\Common\FrameGraph\ModernFrameGraphBuilder.cpp">
      <Filter>Rendering\Common\FrameGraph</Filter>
    </ClCompile>
    <ClCompile Include="Rendering\Common\FrameGraph\ModernFrameGraph.cpp">
      <Filter>Rendering\Common\FrameGraph</Filter>
    </ClCompile>
    <ClCompile Include="Rendering\Common\FrameGraph\Passes\CopyImagePass.cpp">
      <Filter>Rendering\Common\FrameGraph\Passes</Filter>
    </ClCompile>
    <ClCompile Include="Rendering\Common\FrameGraph\Passes\GBufferPass.cpp">
      <Filter>Rendering\Common\FrameGraph\Passes</Filter>
    </ClCompile>
    <ClCompile Include="Rendering\Common\FrameGraph\FrameGraphDescription.cpp">
      <Filter>Rendering\Common\FrameGraph</Filter>
    </ClCompile>
    <ClCompile Include="Core\Scene\SceneDescription\SceneDescription.cpp">
      <Filter>Core\Scene\SceneDescription</Filter>
    </ClCompile>
    <ClCompile Include="Core\Scene\SceneDescription\SceneDescriptionObject.cpp">
      <Filter>Core\Scene\SceneDescription</Filter>
    </ClCompile>
    <ClCompile Include="Core\Scene\SceneObjectLocation.cpp">
      <Filter>Core\Scene</Filter>
    </ClCompile>
    <ClCompile Include="Core\Math\QuaternionUtils.cpp">
      <Filter>Core\Math</Filter>
    </ClCompile>
    <ClCompile Include="Rendering\Common\Scene\RenderableSceneDescription.cpp">
      <Filter>Rendering\Common\Scene</Filter>
    </ClCompile>
    <ClCompile Include="Rendering\Common\Scene\BaseRenderableSceneBuilder.cpp">
      <Filter>Rendering\Common\Scene</Filter>
    </ClCompile>
    <ClCompile Include="Rendering\Common\Scene\BaseRenderableScene.cpp">
      <Filter>Rendering\Common\Scene</Filter>
    </ClCompile>
    <ClCompile Include="Core\Scene\PinholeCamera.cpp">
      <Filter>Core\Scene</Filter>
    </ClCompile>
    <ClCompile Include="Rendering\D3D12\D3D12DescriptorCreator.cpp">
      <Filter>Rendering\D3D12</Filter>
    </ClCompile>
    <ClCompile Include="Rendering\Vulkan\VulkanSharedDescriptorDatabase.cpp">
      <Filter>Rendering\Vulkan</Filter>
    </ClCompile>
    <ClCompile Include="Rendering\Vulkan\VulkanSamplers.cpp">
      <Filter>Rendering\Vulkan</Filter>
    </ClCompile>
  </ItemGroup>
  <ItemGroup>
    <None Include="Platform\Win32\Win32Util.inl">
      <Filter>Platform\Win32</Filter>
    </None>
    <None Include="Core\Allocators\StackAllocator.inl">
      <Filter>Core\Allocators</Filter>
    </None>
    <None Include="Shaders\D3D12\GBuffer\GBufferInclude.hlsli">
      <Filter>Shaders\D3D12\GBuffer</Filter>
    </None>
    <None Include="Shaders\D3D12\CommonHeader.hlsli">
      <Filter>Shaders\D3D12</Filter>
    </None>
    <None Include="Rendering\D3D12\D3D12Utils.inl">
      <Filter>Rendering\D3D12</Filter>
    </None>
    <None Include="Rendering\Vulkan\Scene\VulkanSceneBuilder.inl">
      <Filter>Rendering\Vulkan\Scene</Filter>
    </None>
    <None Include="Rendering\D3D12\FrameGraph\D3D12FrameGraphBuilder.inl">
      <Filter>Rendering\D3D12\FrameGraph</Filter>
    </None>
    <None Include="Rendering\Vulkan\FrameGraph\VulkanFrameGraphBuilder.inl">
      <Filter>Rendering\Vulkan\FrameGraph</Filter>
    </None>
    <None Include="Rendering\D3D12\Scene\D3D12Scene.inl">
      <Filter>Rendering\D3D12\Scene</Filter>
    </None>
    <None Include="Rendering\Vulkan\Scene\VulkanScene.inl">
      <Filter>Rendering\Vulkan\Scene</Filter>
    </None>
  </ItemGroup>
  <ItemGroup>
    <CustomBuild Include="Shaders\Vulkan\GBuffer\GBufferDraw.frag">
      <Filter>Shaders\Vulkan\GBuffer</Filter>
    </CustomBuild>
    <CustomBuild Include="Shaders\D3D12\GBuffer\GBufferDrawPS.hlsl">
      <Filter>Shaders\D3D12\GBuffer</Filter>
    </CustomBuild>
    <CustomBuild Include="Shaders\D3D12\GBuffer\GBufferDrawRigidVS.hlsl">
      <Filter>Shaders\D3D12\GBuffer</Filter>
    </CustomBuild>
    <CustomBuild Include="Shaders\Vulkan\GBuffer\GBufferDrawRigid.vert">
      <Filter>Shaders\Vulkan\GBuffer</Filter>
    </CustomBuild>
    <CustomBuild Include="Shaders\Vulkan\GBuffer\GBufferDrawStatic.vert">
      <Filter>Shaders\Vulkan\GBuffer</Filter>
    </CustomBuild>
    <CustomBuild Include="Shaders\D3D12\GBuffer\GBufferDrawStaticVS.hlsl">
      <Filter>Shaders\D3D12\GBuffer</Filter>
    </CustomBuild>
    <CustomBuild Include="Shaders\Vulkan\GBuffer\GBufferDrawStaticInstanced.vert">
      <Filter>Shaders\Vulkan\GBuffer</Filter>
    </CustomBuild>
  </ItemGroup>
</Project>